// !$*UTF8*$!
{
	archiveVersion = 1;
	classes = {
	};
	objectVersion = 70;
	objects = {

/* Begin PBXBuildFile section */
		BD22B1C82ED5D73900E72F0E /* AppRoot in Frameworks */ = {isa = PBXBuildFile; productRef = BD22B1C72ED5D73900E72F0E /* AppRoot */; };
		BD275B262E93EF2A004F0C7A /* Tuning in Frameworks */ = {isa = PBXBuildFile; productRef = BD275B252E93EF2A004F0C7A /* Tuning */; };
		BD275B282E93F1CE004F0C7A /* FileImporter in Frameworks */ = {isa = PBXBuildFile; productRef = BD275B272E93F1CE004F0C7A /* FileImporter */; };
		BD4C249D2E77618800F8B3A9 /* Engine in Frameworks */ = {isa = PBXBuildFile; productRef = BD4C249C2E77618800F8B3A9 /* Engine */; };
		BD4C249F2E77618800F8B3A9 /* SF2File in Frameworks */ = {isa = PBXBuildFile; productRef = BD4C249E2E77618800F8B3A9 /* SF2File */; };
		BD4C24A12E77618800F8B3A9 /* SF2Lib in Frameworks */ = {isa = PBXBuildFile; productRef = BD4C24A02E77618800F8B3A9 /* SF2Lib */; };
		BD5AE3AD2ED0C2910073F3F2 /* SoundFontsPlusAU.appex in Embed Foundation Extensions */ = {isa = PBXBuildFile; fileRef = BD5AE3842ED0C2910073F3F2 /* SoundFontsPlusAU.appex */; settings = {ATTRIBUTES = (RemoveHeadersOnCopy, ); }; };
		BD5AE3FD2ED0C9070073F3F2 /* Synth in Frameworks */ = {isa = PBXBuildFile; productRef = BD5AE3FC2ED0C9070073F3F2 /* Synth */; };
		BD7217242E93BE270017DB8C /* AppReview in Frameworks */ = {isa = PBXBuildFile; productRef = BD7217232E93BE270017DB8C /* AppReview */; };
		BD7217262E93BE270017DB8C /* BaseSupport in Frameworks */ = {isa = PBXBuildFile; productRef = BD7217252E93BE270017DB8C /* BaseSupport */; };
		BD72172A2E93BE270017DB8C /* DelayEffect in Frameworks */ = {isa = PBXBuildFile; productRef = BD7217292E93BE270017DB8C /* DelayEffect */; };
		BD72172C2E93BE270017DB8C /* FeatureSupport in Frameworks */ = {isa = PBXBuildFile; productRef = BD72172B2E93BE270017DB8C /* FeatureSupport */; };
		BD72172E2E93BE270017DB8C /* Keyboard in Frameworks */ = {isa = PBXBuildFile; productRef = BD72172D2E93BE270017DB8C /* Keyboard */; };
		BD7217302E93BE270017DB8C /* Models in Frameworks */ = {isa = PBXBuildFile; productRef = BD72172F2E93BE270017DB8C /* Models */; };
		BD7217322E93BE270017DB8C /* ReverbEffect in Frameworks */ = {isa = PBXBuildFile; productRef = BD7217312E93BE270017DB8C /* ReverbEffect */; };
		BD7217342E93BE270017DB8C /* SF2Resources in Frameworks */ = {isa = PBXBuildFile; productRef = BD7217332E93BE270017DB8C /* SF2Resources */; };
		BD7217362E93BE270017DB8C /* VolumeMonitor in Frameworks */ = {isa = PBXBuildFile; productRef = BD7217352E93BE270017DB8C /* VolumeMonitor */; };
		BD7217382E93C08E0017DB8C /* Tutorial in Frameworks */ = {isa = PBXBuildFile; productRef = BD7217372E93C08E0017DB8C /* Tutorial */; };
		BDAF5BBA2DE259DF00B8FB13 /* Engine in Frameworks */ = {isa = PBXBuildFile; productRef = BDAF5BB92DE259DF00B8FB13 /* Engine */; };
		BDAF5BBC2DE259DF00B8FB13 /* SF2Lib in Frameworks */ = {isa = PBXBuildFile; productRef = BDAF5BBB2DE259DF00B8FB13 /* SF2Lib */; };
		BDB8CC192E9508580035EBEA /* Changes in Frameworks */ = {isa = PBXBuildFile; productRef = BDB8CC182E9508580035EBEA /* Changes */; };
		BDB8CC1B2E9508580035EBEA /* MIDIAssignments in Frameworks */ = {isa = PBXBuildFile; productRef = BDB8CC1A2E9508580035EBEA /* MIDIAssignments */; };
		BDB8CC1D2E9508580035EBEA /* MIDIConnections in Frameworks */ = {isa = PBXBuildFile; productRef = BDB8CC1C2E9508580035EBEA /* MIDIConnections */; };
		BDB8CC1F2E9508580035EBEA /* MIDIControllers in Frameworks */ = {isa = PBXBuildFile; productRef = BDB8CC1E2E9508580035EBEA /* MIDIControllers */; };
		BDB8CC212E9508580035EBEA /* MIDITrafficIndicator in Frameworks */ = {isa = PBXBuildFile; productRef = BDB8CC202E9508580035EBEA /* MIDITrafficIndicator */; };
		BDB8CC232E9508580035EBEA /* Presets in Frameworks */ = {isa = PBXBuildFile; productRef = BDB8CC222E9508580035EBEA /* Presets */; };
		BDB8CC272E9508580035EBEA /* Settings in Frameworks */ = {isa = PBXBuildFile; productRef = BDB8CC262E9508580035EBEA /* Settings */; };
		BDB8CC292E9508580035EBEA /* SoundFonts in Frameworks */ = {isa = PBXBuildFile; productRef = BDB8CC282E9508580035EBEA /* SoundFonts */; };
		BDB8CC2B2E9508580035EBEA /* Synth in Frameworks */ = {isa = PBXBuildFile; productRef = BDB8CC2A2E9508580035EBEA /* Synth */; };
		BDB8CC2D2E9508580035EBEA /* Tags in Frameworks */ = {isa = PBXBuildFile; productRef = BDB8CC2C2E9508580035EBEA /* Tags */; };
		BDB8CC2F2E9508580035EBEA /* ToolBar in Frameworks */ = {isa = PBXBuildFile; productRef = BDB8CC2E2E9508580035EBEA /* ToolBar */; };
/* End PBXBuildFile section */

/* Begin PBXContainerItemProxy section */
		BD5AE3AB2ED0C2910073F3F2 /* PBXContainerItemProxy */ = {
			isa = PBXContainerItemProxy;
			containerPortal = BD1D27772B6F13DD005C3ED0 /* Project object */;
			proxyType = 1;
			remoteGlobalIDString = BD5AE3832ED0C2910073F3F2;
			remoteInfo = SoundFontsPlusAU;
		};
/* End PBXContainerItemProxy section */

/* Begin PBXCopyFilesBuildPhase section */
		BD0BD8CF2E11E23000772FE5 /* Embed Foundation Extensions */ = {
			isa = PBXCopyFilesBuildPhase;
			buildActionMask = 2147483647;
			dstPath = "";
			dstSubfolderSpec = 13;
			files = (
				BD5AE3AD2ED0C2910073F3F2 /* SoundFontsPlusAU.appex in Embed Foundation Extensions */,
			);
			name = "Embed Foundation Extensions";
			runOnlyForDeploymentPostprocessing = 0;
		};
/* End PBXCopyFilesBuildPhase section */

/* Begin PBXFileReference section */
		BD0BD9172E11E7E400772FE5 /* Common.xcconfig */ = {isa = PBXFileReference; lastKnownFileType = text.xcconfig; path = Common.xcconfig; sourceTree = "<group>"; };
		BD1D277F2B6F13DD005C3ED0 /* SoundFontsPlus.app */ = {isa = PBXFileReference; explicitFileType = wrapper.application; includeInIndex = 0; path = SoundFontsPlus.app; sourceTree = BUILT_PRODUCTS_DIR; };
		BD5AE3842ED0C2910073F3F2 /* SoundFontsPlusAU.appex */ = {isa = PBXFileReference; explicitFileType = "wrapper.app-extension"; includeInIndex = 0; path = SoundFontsPlusAU.appex; sourceTree = BUILT_PRODUCTS_DIR; };
		BD7DBC892DF36955005A31DE /* Development.xcconfig */ = {isa = PBXFileReference; lastKnownFileType = text.xcconfig; path = Development.xcconfig; sourceTree = "<group>"; };
		BD7DBC8A2DF3696D005A31DE /* Release.xcconfig */ = {isa = PBXFileReference; lastKnownFileType = text.xcconfig; path = Release.xcconfig; sourceTree = "<group>"; };
		BD7DBC8B2DF36972005A31DE /* .swiftlint.yml */ = {isa = PBXFileReference; lastKnownFileType = text.yaml; path = .swiftlint.yml; sourceTree = "<group>"; };
		BDB6A3972E8EC8F400126442 /* Features */ = {isa = PBXFileReference; lastKnownFileType = wrapper; path = Features; sourceTree = "<group>"; };
		BDF653892EB2673E00BF74C6 /* Features.xctestplan */ = {isa = PBXFileReference; lastKnownFileType = text; path = Features.xctestplan; sourceTree = "<group>"; };
/* End PBXFileReference section */

/* Begin PBXFileSystemSynchronizedBuildFileExceptionSet section */
		BD5AE3B02ED0C2910073F3F2 /* PBXFileSystemSynchronizedBuildFileExceptionSet */ = {
			isa = PBXFileSystemSynchronizedBuildFileExceptionSet;
			membershipExceptions = (
				Info.plist,
			);
			target = BD5AE3832ED0C2910073F3F2 /* SoundFontsPlusAU */;
		};
		BD5AE3FB2ED0C5C70073F3F2 /* PBXFileSystemSynchronizedBuildFileExceptionSet */ = {
			isa = PBXFileSystemSynchronizedBuildFileExceptionSet;
			membershipExceptions = (
				Info.plist,
			);
			target = BD1D277E2B6F13DD005C3ED0 /* SoundFontsPlus */;
		};
/* End PBXFileSystemSynchronizedBuildFileExceptionSet section */

/* Begin PBXFileSystemSynchronizedRootGroup section */
		BD5AE3852ED0C2910073F3F2 /* SoundFontsPlusAU */ = {isa = PBXFileSystemSynchronizedRootGroup; exceptions = (BD5AE3B02ED0C2910073F3F2 /* PBXFileSystemSynchronizedBuildFileExceptionSet */, ); explicitFileTypes = {}; explicitFolders = (); path = SoundFontsPlusAU; sourceTree = "<group>"; };
		BD5AE3F32ED0C5C70073F3F2 /* SoundFontsPlus */ = {isa = PBXFileSystemSynchronizedRootGroup; exceptions = (BD5AE3FB2ED0C5C70073F3F2 /* PBXFileSystemSynchronizedBuildFileExceptionSet */, ); explicitFileTypes = {}; explicitFolders = (); path = SoundFontsPlus; sourceTree = "<group>"; };
/* End PBXFileSystemSynchronizedRootGroup section */

/* Begin PBXFrameworksBuildPhase section */
		BD1D277C2B6F13DD005C3ED0 /* Frameworks */ = {
			isa = PBXFrameworksBuildPhase;
			buildActionMask = 2147483647;
			files = (
				BD22B1C82ED5D73900E72F0E /* AppRoot in Frameworks */,
				BDB8CC2F2E9508580035EBEA /* ToolBar in Frameworks */,
				BDB8CC2D2E9508580035EBEA /* Tags in Frameworks */,
				BD7217242E93BE270017DB8C /* AppReview in Frameworks */,
				BDB8CC1F2E9508580035EBEA /* MIDIControllers in Frameworks */,
				BD7217322E93BE270017DB8C /* ReverbEffect in Frameworks */,
				BDB8CC1D2E9508580035EBEA /* MIDIConnections in Frameworks */,
				BDB8CC1B2E9508580035EBEA /* MIDIAssignments in Frameworks */,
				BD4C24A12E77618800F8B3A9 /* SF2Lib in Frameworks */,
				BD7217262E93BE270017DB8C /* BaseSupport in Frameworks */,
				BD72172A2E93BE270017DB8C /* DelayEffect in Frameworks */,
				BD275B262E93EF2A004F0C7A /* Tuning in Frameworks */,
				BDAF5BBC2DE259DF00B8FB13 /* SF2Lib in Frameworks */,
				BD7217302E93BE270017DB8C /* Models in Frameworks */,
				BDB8CC192E9508580035EBEA /* Changes in Frameworks */,
				BD7217342E93BE270017DB8C /* SF2Resources in Frameworks */,
				BD72172E2E93BE270017DB8C /* Keyboard in Frameworks */,
				BDB8CC292E9508580035EBEA /* SoundFonts in Frameworks */,
				BDB8CC212E9508580035EBEA /* MIDITrafficIndicator in Frameworks */,
				BDB8CC272E9508580035EBEA /* Settings in Frameworks */,
				BD7217362E93BE270017DB8C /* VolumeMonitor in Frameworks */,
				BD275B282E93F1CE004F0C7A /* FileImporter in Frameworks */,
				BDAF5BBA2DE259DF00B8FB13 /* Engine in Frameworks */,
				BD7217382E93C08E0017DB8C /* Tutorial in Frameworks */,
				BDB8CC2B2E9508580035EBEA /* Synth in Frameworks */,
				BD4C249F2E77618800F8B3A9 /* SF2File in Frameworks */,
				BDB8CC232E9508580035EBEA /* Presets in Frameworks */,
				BD4C249D2E77618800F8B3A9 /* Engine in Frameworks */,
				BD72172C2E93BE270017DB8C /* FeatureSupport in Frameworks */,
			);
			runOnlyForDeploymentPostprocessing = 0;
		};
		BD5AE3812ED0C2910073F3F2 /* Frameworks */ = {
			isa = PBXFrameworksBuildPhase;
			buildActionMask = 2147483647;
			files = (
				BD5AE3FD2ED0C9070073F3F2 /* Synth in Frameworks */,
			);
			runOnlyForDeploymentPostprocessing = 0;
		};
/* End PBXFrameworksBuildPhase section */

/* Begin PBXGroup section */
		BD1D27762B6F13DD005C3ED0 = {
			isa = PBXGroup;
			children = (
				BD0BD9172E11E7E400772FE5 /* Common.xcconfig */,
				BD7DBC892DF36955005A31DE /* Development.xcconfig */,
				BD7DBC8A2DF3696D005A31DE /* Release.xcconfig */,
				BDF653892EB2673E00BF74C6 /* Features.xctestplan */,
				BDB6A3972E8EC8F400126442 /* Features */,
				BD7DBC8B2DF36972005A31DE /* .swiftlint.yml */,
				BD5AE3F32ED0C5C70073F3F2 /* SoundFontsPlus */,
				BD5AE3852ED0C2910073F3F2 /* SoundFontsPlusAU */,
				BD1D27802B6F13DD005C3ED0 /* Products */,
				BD6E7D9F2B6FC319004201F2 /* Frameworks */,
			);
			sourceTree = "<group>";
		};
		BD1D27802B6F13DD005C3ED0 /* Products */ = {
			isa = PBXGroup;
			children = (
				BD1D277F2B6F13DD005C3ED0 /* SoundFontsPlus.app */,
				BD5AE3842ED0C2910073F3F2 /* SoundFontsPlusAU.appex */,
			);
			name = Products;
			sourceTree = "<group>";
		};
		BD6E7D9F2B6FC319004201F2 /* Frameworks */ = {
			isa = PBXGroup;
			children = (
			);
			name = Frameworks;
			sourceTree = "<group>";
		};
/* End PBXGroup section */

/* Begin PBXNativeTarget section */
		BD1D277E2B6F13DD005C3ED0 /* SoundFontsPlus */ = {
			isa = PBXNativeTarget;
			buildConfigurationList = BD1D27A72B6F13DE005C3ED0 /* Build configuration list for PBXNativeTarget "SoundFontsPlus" */;
			buildPhases = (
				BD1D277B2B6F13DD005C3ED0 /* Sources */,
				BD1D277C2B6F13DD005C3ED0 /* Frameworks */,
				BD1D277D2B6F13DD005C3ED0 /* Resources */,
				BD0BD8CF2E11E23000772FE5 /* Embed Foundation Extensions */,
				BD22B1C32ED5A2C200E72F0E /* ShellScript */,
			);
			buildRules = (
			);
			dependencies = (
				BD5AE3AC2ED0C2910073F3F2 /* PBXTargetDependency */,
			);
			fileSystemSynchronizedGroups = (
				BD5AE3F32ED0C5C70073F3F2 /* SoundFontsPlus */,
			);
			name = SoundFontsPlus;
			packageProductDependencies = (
				BDAF5BB92DE259DF00B8FB13 /* Engine */,
				BDAF5BBB2DE259DF00B8FB13 /* SF2Lib */,
				BD4C249C2E77618800F8B3A9 /* Engine */,
				BD4C249E2E77618800F8B3A9 /* SF2File */,
				BD4C24A02E77618800F8B3A9 /* SF2Lib */,
				BD7217232E93BE270017DB8C /* AppReview */,
				BD7217252E93BE270017DB8C /* BaseSupport */,
				BD7217292E93BE270017DB8C /* DelayEffect */,
				BD72172B2E93BE270017DB8C /* FeatureSupport */,
				BD72172D2E93BE270017DB8C /* Keyboard */,
				BD72172F2E93BE270017DB8C /* Models */,
				BD7217312E93BE270017DB8C /* ReverbEffect */,
				BD7217332E93BE270017DB8C /* SF2Resources */,
				BD7217352E93BE270017DB8C /* VolumeMonitor */,
				BD7217372E93C08E0017DB8C /* Tutorial */,
				BD275B252E93EF2A004F0C7A /* Tuning */,
				BD275B272E93F1CE004F0C7A /* FileImporter */,
				BDB8CC182E9508580035EBEA /* Changes */,
				BDB8CC1A2E9508580035EBEA /* MIDIAssignments */,
				BDB8CC1C2E9508580035EBEA /* MIDIConnections */,
				BDB8CC1E2E9508580035EBEA /* MIDIControllers */,
				BDB8CC202E9508580035EBEA /* MIDITrafficIndicator */,
				BDB8CC222E9508580035EBEA /* Presets */,
				BDB8CC262E9508580035EBEA /* Settings */,
				BDB8CC282E9508580035EBEA /* SoundFonts */,
				BDB8CC2A2E9508580035EBEA /* Synth */,
				BDB8CC2C2E9508580035EBEA /* Tags */,
				BDB8CC2E2E9508580035EBEA /* ToolBar */,
				BD22B1C72ED5D73900E72F0E /* AppRoot */,
			);
			productName = SoundFontsPlus;
			productReference = BD1D277F2B6F13DD005C3ED0 /* SoundFontsPlus.app */;
			productType = "com.apple.product-type.application";
		};
		BD5AE3832ED0C2910073F3F2 /* SoundFontsPlusAU */ = {
			isa = PBXNativeTarget;
			buildConfigurationList = BD5AE3B12ED0C2910073F3F2 /* Build configuration list for PBXNativeTarget "SoundFontsPlusAU" */;
			buildPhases = (
				BD5AE3802ED0C2910073F3F2 /* Sources */,
				BD5AE3812ED0C2910073F3F2 /* Frameworks */,
				BD5AE3822ED0C2910073F3F2 /* Resources */,
				BD22B1C42ED5A2E500E72F0E /* ShellScript */,
			);
			buildRules = (
			);
			dependencies = (
			);
			fileSystemSynchronizedGroups = (
				BD5AE3852ED0C2910073F3F2 /* SoundFontsPlusAU */,
			);
			name = SoundFontsPlusAU;
			packageProductDependencies = (
				BD5AE3FC2ED0C9070073F3F2 /* Synth */,
			);
			productName = SoundFontsPlusAU;
			productReference = BD5AE3842ED0C2910073F3F2 /* SoundFontsPlusAU.appex */;
			productType = "com.apple.product-type.app-extension";
		};
/* End PBXNativeTarget section */

/* Begin PBXProject section */
		BD1D27772B6F13DD005C3ED0 /* Project object */ = {
			isa = PBXProject;
			attributes = {
				BuildIndependentTargetsInParallel = 1;
				LastSwiftUpdateCheck = 2610;
				LastUpgradeCheck = 2600;
				TargetAttributes = {
					BD1D277E2B6F13DD005C3ED0 = {
						CreatedOnToolsVersion = 15.2;
					};
					BD5AE3832ED0C2910073F3F2 = {
						CreatedOnToolsVersion = 26.1.1;
					};
				};
			};
			buildConfigurationList = BD1D277A2B6F13DD005C3ED0 /* Build configuration list for PBXProject "SoundFontsPlus" */;
			compatibilityVersion = "Xcode 14.0";
			developmentRegion = en;
			hasScannedForEncodings = 0;
			knownRegions = (
				en,
				Base,
			);
			mainGroup = BD1D27762B6F13DD005C3ED0;
			packageReferences = (
			);
			productRefGroup = BD1D27802B6F13DD005C3ED0 /* Products */;
			projectDirPath = "";
			projectRoot = "";
			targets = (
				BD1D277E2B6F13DD005C3ED0 /* SoundFontsPlus */,
				BD5AE3832ED0C2910073F3F2 /* SoundFontsPlusAU */,
			);
		};
/* End PBXProject section */

/* Begin PBXResourcesBuildPhase section */
		BD1D277D2B6F13DD005C3ED0 /* Resources */ = {
			isa = PBXResourcesBuildPhase;
			buildActionMask = 2147483647;
			files = (
			);
			runOnlyForDeploymentPostprocessing = 0;
		};
		BD5AE3822ED0C2910073F3F2 /* Resources */ = {
			isa = PBXResourcesBuildPhase;
			buildActionMask = 2147483647;
			files = (
			);
			runOnlyForDeploymentPostprocessing = 0;
		};
/* End PBXResourcesBuildPhase section */

/* Begin PBXShellScriptBuildPhase section */
		BD22B1C32ED5A2C200E72F0E /* ShellScript */ = {
			isa = PBXShellScriptBuildPhase;
			alwaysOutOfDate = 1;
			buildActionMask = 2147483647;
			files = (
			);
			inputFileListPaths = (
			);
			inputPaths = (
			);
			outputFileListPaths = (
			);
			outputPaths = (
			);
			runOnlyForDeploymentPostprocessing = 0;
			shellPath = /bin/sh;
			shellScript = "if command -v /opt/homebrew/bin/swiftlint >/dev/null 2>&1\nthen\n    /opt/homebrew/bin/swiftlint\nelse\n    echo \"warning: `swiftlint` command not found - See https://github.com/realm/SwiftLint#installation for installation instructions.\"\nfi\n";
			showEnvVarsInLog = 0;
		};
		BD22B1C42ED5A2E500E72F0E /* ShellScript */ = {
			isa = PBXShellScriptBuildPhase;
			alwaysOutOfDate = 1;
			buildActionMask = 2147483647;
			files = (
			);
			inputFileListPaths = (
			);
			inputPaths = (
			);
			outputFileListPaths = (
			);
			outputPaths = (
			);
			runOnlyForDeploymentPostprocessing = 0;
			shellPath = /bin/sh;
			shellScript = "if command -v /opt/homebrew/bin/swiftlint >/dev/null 2>&1\nthen\n    /opt/homebrew/bin/swiftlint\nelse\n    echo \"warning: `swiftlint` command not found - See https://github.com/realm/SwiftLint#installation for installation instructions.\"\nfi\n";
			showEnvVarsInLog = 0;
		};
/* End PBXShellScriptBuildPhase section */

/* Begin PBXSourcesBuildPhase section */
		BD1D277B2B6F13DD005C3ED0 /* Sources */ = {
			isa = PBXSourcesBuildPhase;
			buildActionMask = 2147483647;
			files = (
			);
			runOnlyForDeploymentPostprocessing = 0;
		};
		BD5AE3802ED0C2910073F3F2 /* Sources */ = {
			isa = PBXSourcesBuildPhase;
			buildActionMask = 2147483647;
			files = (
			);
			runOnlyForDeploymentPostprocessing = 0;
		};
/* End PBXSourcesBuildPhase section */

/* Begin PBXTargetDependency section */
		BD5AE3AC2ED0C2910073F3F2 /* PBXTargetDependency */ = {
			isa = PBXTargetDependency;
			target = BD5AE3832ED0C2910073F3F2 /* SoundFontsPlusAU */;
			targetProxy = BD5AE3AB2ED0C2910073F3F2 /* PBXContainerItemProxy */;
		};
/* End PBXTargetDependency section */

/* Begin XCBuildConfiguration section */
		BD1D27A52B6F13DE005C3ED0 /* Debug */ = {
			isa = XCBuildConfiguration;
			baseConfigurationReference = BD7DBC892DF36955005A31DE /* Development.xcconfig */;
			buildSettings = {
				ALWAYS_SEARCH_USER_PATHS = NO;
				ASSETCATALOG_COMPILER_GENERATE_SWIFT_ASSET_SYMBOL_EXTENSIONS = YES;
				CLANG_ANALYZER_GCD_PERFORMANCE = YES;
				CLANG_ANALYZER_NONNULL = YES;
				CLANG_ANALYZER_NUMBER_OBJECT_CONVERSION = YES_AGGRESSIVE;
				CLANG_CXX_LANGUAGE_STANDARD = "c++23";
				CLANG_ENABLE_MODULES = YES;
				CLANG_ENABLE_OBJC_ARC = YES;
				CLANG_ENABLE_OBJC_WEAK = YES;
				CLANG_WARN_BLOCK_CAPTURE_AUTORELEASING = YES;
				CLANG_WARN_BOOL_CONVERSION = YES;
				CLANG_WARN_COMMA = YES;
				CLANG_WARN_CONSTANT_CONVERSION = YES;
				CLANG_WARN_DEPRECATED_OBJC_IMPLEMENTATIONS = YES;
				CLANG_WARN_DIRECT_OBJC_ISA_USAGE = YES_ERROR;
				CLANG_WARN_DOCUMENTATION_COMMENTS = YES;
				CLANG_WARN_EMPTY_BODY = YES;
				CLANG_WARN_ENUM_CONVERSION = YES;
				CLANG_WARN_INFINITE_RECURSION = YES;
				CLANG_WARN_INT_CONVERSION = YES;
				CLANG_WARN_NON_LITERAL_NULL_CONVERSION = YES;
				CLANG_WARN_OBJC_IMPLICIT_RETAIN_SELF = YES;
				CLANG_WARN_OBJC_LITERAL_CONVERSION = YES;
				CLANG_WARN_OBJC_ROOT_CLASS = YES_ERROR;
				CLANG_WARN_QUOTED_INCLUDE_IN_FRAMEWORK_HEADER = YES;
				CLANG_WARN_RANGE_LOOP_ANALYSIS = YES;
				CLANG_WARN_STRICT_PROTOTYPES = YES;
				CLANG_WARN_SUSPICIOUS_MOVE = YES;
				CLANG_WARN_UNGUARDED_AVAILABILITY = YES_AGGRESSIVE;
				CLANG_WARN_UNREACHABLE_CODE = YES;
				CLANG_WARN__DUPLICATE_METHOD_MATCH = YES;
				COPY_PHASE_STRIP = NO;
				DEAD_CODE_STRIPPING = YES;
				DEBUG_INFORMATION_FORMAT = dwarf;
				DEVELOPMENT_TEAM = UP6SS5ES7E;
				ENABLE_STRICT_OBJC_MSGSEND = YES;
				ENABLE_TESTABILITY = YES;
				ENABLE_USER_SCRIPT_SANDBOXING = NO;
				GCC_C_LANGUAGE_STANDARD = c23;
				GCC_DYNAMIC_NO_PIC = NO;
				GCC_NO_COMMON_BLOCKS = YES;
				GCC_OPTIMIZATION_LEVEL = 0;
				GCC_PREPROCESSOR_DEFINITIONS = (
					"DEBUG=1",
					"$(inherited)",
				);
				GCC_WARN_64_TO_32_BIT_CONVERSION = YES;
				GCC_WARN_ABOUT_MISSING_FIELD_INITIALIZERS = NO;
				GCC_WARN_ABOUT_RETURN_TYPE = YES_ERROR;
				GCC_WARN_PEDANTIC = NO;
				GCC_WARN_UNDECLARED_SELECTOR = YES;
				GCC_WARN_UNINITIALIZED_AUTOS = YES_AGGRESSIVE;
				GCC_WARN_UNUSED_FUNCTION = YES;
				GCC_WARN_UNUSED_VARIABLE = YES;
				INFOPLIST_KEY_LSApplicationCategoryType = "public.app-category.music";
				INFOPLIST_KEY_NSHumanReadableCopyright = "Copyright (C) 2025 Brad Howes";
				IPHONEOS_DEPLOYMENT_TARGET = 18.0;
				LOCALIZATION_PREFERS_STRING_CATALOGS = YES;
				MACOSX_DEPLOYMENT_TARGET = 14.0;
				MODULE_VERIFIER_SUPPORTED_LANGUAGES = "objective-c++";
				MODULE_VERIFIER_SUPPORTED_LANGUAGE_STANDARDS = "c++23";
				MTL_ENABLE_DEBUG_INFO = INCLUDE_SOURCE;
				MTL_FAST_MATH = YES;
				ONLY_ACTIVE_ARCH = YES;
				STRING_CATALOG_GENERATE_SYMBOLS = YES;
				SUPPORTED_PLATFORMS = "macosx iOS";
				SWIFT_ACTIVE_COMPILATION_CONDITIONS = "DEBUG $(inherited)";
				SWIFT_INSTALL_OBJC_HEADER = NO;
				SWIFT_OBJC_INTEROP_MODE = objcxx;
				SWIFT_OPTIMIZATION_LEVEL = "-Onone";
				SWIFT_STRICT_MEMORY_SAFETY = YES;
				SWIFT_VERSION = 6.0;
			};
			name = Debug;
		};
		BD1D27A62B6F13DE005C3ED0 /* Release */ = {
			isa = XCBuildConfiguration;
			baseConfigurationReference = BD7DBC8A2DF3696D005A31DE /* Release.xcconfig */;
			buildSettings = {
				ALWAYS_SEARCH_USER_PATHS = NO;
				ASSETCATALOG_COMPILER_GENERATE_SWIFT_ASSET_SYMBOL_EXTENSIONS = YES;
				CLANG_ANALYZER_GCD_PERFORMANCE = YES;
				CLANG_ANALYZER_NONNULL = YES;
				CLANG_ANALYZER_NUMBER_OBJECT_CONVERSION = YES_AGGRESSIVE;
				CLANG_CXX_LANGUAGE_STANDARD = "c++23";
				CLANG_ENABLE_MODULES = YES;
				CLANG_ENABLE_OBJC_ARC = YES;
				CLANG_ENABLE_OBJC_WEAK = YES;
				CLANG_WARN_BLOCK_CAPTURE_AUTORELEASING = YES;
				CLANG_WARN_BOOL_CONVERSION = YES;
				CLANG_WARN_COMMA = YES;
				CLANG_WARN_CONSTANT_CONVERSION = YES;
				CLANG_WARN_DEPRECATED_OBJC_IMPLEMENTATIONS = YES;
				CLANG_WARN_DIRECT_OBJC_ISA_USAGE = YES_ERROR;
				CLANG_WARN_DOCUMENTATION_COMMENTS = YES;
				CLANG_WARN_EMPTY_BODY = YES;
				CLANG_WARN_ENUM_CONVERSION = YES;
				CLANG_WARN_INFINITE_RECURSION = YES;
				CLANG_WARN_INT_CONVERSION = YES;
				CLANG_WARN_NON_LITERAL_NULL_CONVERSION = YES;
				CLANG_WARN_OBJC_IMPLICIT_RETAIN_SELF = YES;
				CLANG_WARN_OBJC_LITERAL_CONVERSION = YES;
				CLANG_WARN_OBJC_ROOT_CLASS = YES_ERROR;
				CLANG_WARN_QUOTED_INCLUDE_IN_FRAMEWORK_HEADER = YES;
				CLANG_WARN_RANGE_LOOP_ANALYSIS = YES;
				CLANG_WARN_STRICT_PROTOTYPES = YES;
				CLANG_WARN_SUSPICIOUS_MOVE = YES;
				CLANG_WARN_UNGUARDED_AVAILABILITY = YES_AGGRESSIVE;
				CLANG_WARN_UNREACHABLE_CODE = YES;
				CLANG_WARN__DUPLICATE_METHOD_MATCH = YES;
				COPY_PHASE_STRIP = NO;
				DEAD_CODE_STRIPPING = YES;
				DEBUG_INFORMATION_FORMAT = "dwarf-with-dsym";
				DEVELOPMENT_TEAM = UP6SS5ES7E;
				ENABLE_MODULE_VERIFIER = YES;
				ENABLE_NS_ASSERTIONS = NO;
				ENABLE_STRICT_OBJC_MSGSEND = YES;
				ENABLE_USER_SCRIPT_SANDBOXING = NO;
				GCC_C_LANGUAGE_STANDARD = c23;
				GCC_NO_COMMON_BLOCKS = YES;
				GCC_OPTIMIZATION_LEVEL = fast;
				GCC_WARN_64_TO_32_BIT_CONVERSION = YES;
				GCC_WARN_ABOUT_MISSING_FIELD_INITIALIZERS = NO;
				GCC_WARN_ABOUT_RETURN_TYPE = YES_ERROR;
				GCC_WARN_PEDANTIC = NO;
				GCC_WARN_UNDECLARED_SELECTOR = YES;
				GCC_WARN_UNINITIALIZED_AUTOS = YES_AGGRESSIVE;
				GCC_WARN_UNUSED_FUNCTION = YES;
				GCC_WARN_UNUSED_VARIABLE = YES;
				INFOPLIST_KEY_LSApplicationCategoryType = "public.app-category.music";
				INFOPLIST_KEY_NSHumanReadableCopyright = "Copyright (C) 2025 Brad Howes";
				IPHONEOS_DEPLOYMENT_TARGET = 18.0;
				LOCALIZATION_PREFERS_STRING_CATALOGS = YES;
				MACOSX_DEPLOYMENT_TARGET = 14.0;
				MODULE_VERIFIER_SUPPORTED_LANGUAGES = "objective-c++";
				MODULE_VERIFIER_SUPPORTED_LANGUAGE_STANDARDS = "c++23";
				MTL_ENABLE_DEBUG_INFO = NO;
				MTL_FAST_MATH = YES;
				STRING_CATALOG_GENERATE_SYMBOLS = YES;
				SUPPORTED_PLATFORMS = "macosx iOS";
				SWIFT_COMPILATION_MODE = wholemodule;
				SWIFT_INSTALL_OBJC_HEADER = NO;
				SWIFT_OBJC_INTEROP_MODE = objcxx;
				SWIFT_STRICT_MEMORY_SAFETY = YES;
				SWIFT_VERSION = 6.0;
			};
			name = Release;
		};
		BD1D27A82B6F13DE005C3ED0 /* Debug */ = {
			isa = XCBuildConfiguration;
			baseConfigurationReference = BD7DBC892DF36955005A31DE /* Development.xcconfig */;
			buildSettings = {
				ASSETCATALOG_COMPILER_APPICON_NAME = AppIcon;
				ASSETCATALOG_COMPILER_GLOBAL_ACCENT_COLOR_NAME = AccentColor;
				CODE_SIGN_ENTITLEMENTS = SoundFontsPlus/SoundFontsPlus.entitlements;
				CODE_SIGN_IDENTITY = "Apple Development";
				CODE_SIGN_STYLE = Automatic;
				CURRENT_PROJECT_VERSION = 20250629214538;
				DEAD_CODE_STRIPPING = YES;
				DEVELOPMENT_ASSET_PATHS = "";
				DEVELOPMENT_TEAM = UP6SS5ES7E;
				ENABLE_APP_SANDBOX = NO;
				ENABLE_HARDENED_RUNTIME = YES;
				ENABLE_PREVIEWS = YES;
				GENERATE_INFOPLIST_FILE = YES;
				INFOPLIST_FILE = SoundFontsPlus/Info.plist;
				INFOPLIST_KEY_CFBundleDisplayName = "";
				INFOPLIST_KEY_ITSAppUsesNonExemptEncryption = NO;
				INFOPLIST_KEY_LSApplicationCategoryType = "public.app-category.music";
				INFOPLIST_KEY_LSSupportsOpeningDocumentsInPlace = YES;
				INFOPLIST_KEY_NSBluetoothAlwaysUsageDescription = "When allowed, SoundFonts can scan for and connect to Blutetooth LE MIDI devices in order to receive MIDI commands from the device.";
				INFOPLIST_KEY_NSLocalNetworkUsageDescription = "SoundFonts uses local networking to communicate with Audiobus and other music apps.";
				"INFOPLIST_KEY_UIApplicationSceneManifest_Generation[sdk=iphoneos*]" = YES;
				"INFOPLIST_KEY_UIApplicationSceneManifest_Generation[sdk=iphonesimulator*]" = YES;
				"INFOPLIST_KEY_UIApplicationSupportsIndirectInputEvents[sdk=iphoneos*]" = YES;
				"INFOPLIST_KEY_UIApplicationSupportsIndirectInputEvents[sdk=iphonesimulator*]" = YES;
				"INFOPLIST_KEY_UILaunchScreen_Generation[sdk=iphoneos*]" = YES;
				"INFOPLIST_KEY_UILaunchScreen_Generation[sdk=iphonesimulator*]" = YES;
				INFOPLIST_KEY_UILaunchStoryboardName = LaunchScreen;
				"INFOPLIST_KEY_UIStatusBarStyle[sdk=iphoneos*]" = UIStatusBarStyleDefault;
				"INFOPLIST_KEY_UIStatusBarStyle[sdk=iphonesimulator*]" = UIStatusBarStyleDefault;
				INFOPLIST_KEY_UISupportedInterfaceOrientations_iPad = "UIInterfaceOrientationPortrait UIInterfaceOrientationPortraitUpsideDown UIInterfaceOrientationLandscapeLeft UIInterfaceOrientationLandscapeRight";
				INFOPLIST_KEY_UISupportedInterfaceOrientations_iPhone = "UIInterfaceOrientationPortrait UIInterfaceOrientationLandscapeLeft UIInterfaceOrientationLandscapeRight";
				INFOPLIST_KEY_UISupportsDocumentBrowser = YES;
				INFOPLIST_KEY_UIUserInterfaceStyle = Dark;
				IPHONEOS_DEPLOYMENT_TARGET = 18.0;
				LD_RUNPATH_SEARCH_PATHS = "@executable_path/Frameworks";
				"LD_RUNPATH_SEARCH_PATHS[sdk=macosx*]" = "@executable_path/../Frameworks";
				MACOSX_DEPLOYMENT_TARGET = 14.0;
				MARKETING_VERSION = 1.0.5;
				MERGED_BINARY_TYPE = automatic;
				PRODUCT_BUNDLE_IDENTIFIER = com.braysoftware.SoundFontsPlus;
				PRODUCT_NAME = "$(TARGET_NAME)";
				PROVISIONING_PROFILE_SPECIFIER = "";
				REGISTER_APP_GROUPS = YES;
				SDKROOT = auto;
				SUPPORTED_PLATFORMS = "iOS iphoneos iphonesimulator macosx";
				SUPPORTS_MACCATALYST = NO;
				SWIFT_EMIT_LOC_STRINGS = YES;
				TARGETED_DEVICE_FAMILY = "1,2";
				VERSIONING_SYSTEM = "apple-generic";
			};
			name = Debug;
		};
		BD1D27A92B6F13DE005C3ED0 /* Release */ = {
			isa = XCBuildConfiguration;
			baseConfigurationReference = BD7DBC8A2DF3696D005A31DE /* Release.xcconfig */;
			buildSettings = {
				ASSETCATALOG_COMPILER_APPICON_NAME = AppIcon;
				ASSETCATALOG_COMPILER_GLOBAL_ACCENT_COLOR_NAME = AccentColor;
				CODE_SIGN_ENTITLEMENTS = SoundFontsPlus/SoundFontsPlus.entitlements;
				CODE_SIGN_IDENTITY = "Apple Development";
				CODE_SIGN_STYLE = Automatic;
				CURRENT_PROJECT_VERSION = 20250629214538;
				DEAD_CODE_STRIPPING = YES;
				DEVELOPMENT_ASSET_PATHS = "";
				DEVELOPMENT_TEAM = UP6SS5ES7E;
				ENABLE_APP_SANDBOX = NO;
				ENABLE_HARDENED_RUNTIME = YES;
				ENABLE_PREVIEWS = YES;
				GENERATE_INFOPLIST_FILE = YES;
				INFOPLIST_FILE = SoundFontsPlus/Info.plist;
				INFOPLIST_KEY_CFBundleDisplayName = "";
				INFOPLIST_KEY_ITSAppUsesNonExemptEncryption = NO;
				INFOPLIST_KEY_LSApplicationCategoryType = "public.app-category.music";
				INFOPLIST_KEY_LSSupportsOpeningDocumentsInPlace = YES;
				INFOPLIST_KEY_NSBluetoothAlwaysUsageDescription = "When allowed, SoundFonts can scan for and connect to Blutetooth LE MIDI devices in order to receive MIDI commands from the device.";
				INFOPLIST_KEY_NSLocalNetworkUsageDescription = "SoundFonts uses local networking to communicate with Audiobus and other music apps.";
				"INFOPLIST_KEY_UIApplicationSceneManifest_Generation[sdk=iphoneos*]" = YES;
				"INFOPLIST_KEY_UIApplicationSceneManifest_Generation[sdk=iphonesimulator*]" = YES;
				"INFOPLIST_KEY_UIApplicationSupportsIndirectInputEvents[sdk=iphoneos*]" = YES;
				"INFOPLIST_KEY_UIApplicationSupportsIndirectInputEvents[sdk=iphonesimulator*]" = YES;
				"INFOPLIST_KEY_UILaunchScreen_Generation[sdk=iphoneos*]" = YES;
				"INFOPLIST_KEY_UILaunchScreen_Generation[sdk=iphonesimulator*]" = YES;
				INFOPLIST_KEY_UILaunchStoryboardName = LaunchScreen;
				"INFOPLIST_KEY_UIStatusBarStyle[sdk=iphoneos*]" = UIStatusBarStyleDefault;
				"INFOPLIST_KEY_UIStatusBarStyle[sdk=iphonesimulator*]" = UIStatusBarStyleDefault;
				INFOPLIST_KEY_UISupportedInterfaceOrientations_iPad = "UIInterfaceOrientationPortrait UIInterfaceOrientationPortraitUpsideDown UIInterfaceOrientationLandscapeLeft UIInterfaceOrientationLandscapeRight";
				INFOPLIST_KEY_UISupportedInterfaceOrientations_iPhone = "UIInterfaceOrientationPortrait UIInterfaceOrientationLandscapeLeft UIInterfaceOrientationLandscapeRight";
				INFOPLIST_KEY_UISupportsDocumentBrowser = YES;
				INFOPLIST_KEY_UIUserInterfaceStyle = Dark;
				IPHONEOS_DEPLOYMENT_TARGET = 18.0;
				LD_RUNPATH_SEARCH_PATHS = "@executable_path/Frameworks";
				"LD_RUNPATH_SEARCH_PATHS[sdk=macosx*]" = "@executable_path/../Frameworks";
				MACOSX_DEPLOYMENT_TARGET = 14.0;
				MARKETING_VERSION = 1.0.5;
				MERGED_BINARY_TYPE = automatic;
				PRODUCT_BUNDLE_IDENTIFIER = com.braysoftware.SoundFontsPlus;
				PRODUCT_NAME = "$(TARGET_NAME)";
				PROVISIONING_PROFILE_SPECIFIER = "";
				REGISTER_APP_GROUPS = YES;
				SDKROOT = auto;
				SUPPORTED_PLATFORMS = "iOS iphoneos iphonesimulator macosx";
				SUPPORTS_MACCATALYST = NO;
				SWIFT_EMIT_LOC_STRINGS = YES;
				TARGETED_DEVICE_FAMILY = "1,2";
				VERSIONING_SYSTEM = "apple-generic";
			};
			name = Release;
		};
		BD5AE3AE2ED0C2910073F3F2 /* Debug */ = {
			isa = XCBuildConfiguration;
			buildSettings = {
				CODE_SIGN_IDENTITY = "Apple Development";
				CODE_SIGN_STYLE = Automatic;
				CURRENT_PROJECT_VERSION = 20250629214538;
				DEVELOPMENT_TEAM = UP6SS5ES7E;
				ENABLE_APP_SANDBOX = YES;
				ENABLE_HARDENED_RUNTIME = YES;
				ENABLE_INCOMING_NETWORK_CONNECTIONS = NO;
				ENABLE_OUTGOING_NETWORK_CONNECTIONS = NO;
				ENABLE_RESOURCE_ACCESS_AUDIO_INPUT = NO;
				ENABLE_RESOURCE_ACCESS_BLUETOOTH = YES;
				ENABLE_RESOURCE_ACCESS_CALENDARS = NO;
				ENABLE_RESOURCE_ACCESS_CAMERA = NO;
				ENABLE_RESOURCE_ACCESS_CONTACTS = NO;
				ENABLE_RESOURCE_ACCESS_LOCATION = NO;
				ENABLE_RESOURCE_ACCESS_PRINTING = NO;
				ENABLE_RESOURCE_ACCESS_USB = NO;
				ENABLE_USER_SELECTED_FILES = readonly;
				GENERATE_INFOPLIST_FILE = YES;
				INFOPLIST_FILE = SoundFontsPlusAU/Info.plist;
				INFOPLIST_KEY_CFBundleDisplayName = SoundFontsPlusAU;
				INFOPLIST_KEY_NSHumanReadableCopyright = "";
				LD_RUNPATH_SEARCH_PATHS = (
					"$(inherited)",
					"@executable_path/Frameworks",
					"@executable_path/../../Frameworks",
				);
				"LD_RUNPATH_SEARCH_PATHS[sdk=macosx*]" = (
					"$(inherited)",
					"@executable_path/../Frameworks",
					"@executable_path/../../../../Frameworks",
				);
				MARKETING_VERSION = 1.0.5;
				PRODUCT_BUNDLE_IDENTIFIER = com.braysoftware.SoundFontsPlus.SoundFontsPlusAU;
				PRODUCT_NAME = "$(TARGET_NAME)";
				SDKROOT = auto;
				SKIP_INSTALL = YES;
				STRING_CATALOG_GENERATE_SYMBOLS = YES;
				SUPPORTED_PLATFORMS = "iOS iphoneos iphonesimulator macosx";
				SUPPORTS_MACCATALYST = NO;
				SWIFT_EMIT_LOC_STRINGS = YES;
				TARGETED_DEVICE_FAMILY = "1,2";
			};
			name = Debug;
		};
		BD5AE3AF2ED0C2910073F3F2 /* Release */ = {
			isa = XCBuildConfiguration;
			buildSettings = {
				CODE_SIGN_IDENTITY = "Apple Development";
				CODE_SIGN_STYLE = Automatic;
				CURRENT_PROJECT_VERSION = 20250629214538;
				DEVELOPMENT_TEAM = UP6SS5ES7E;
				ENABLE_APP_SANDBOX = YES;
				ENABLE_HARDENED_RUNTIME = YES;
				ENABLE_INCOMING_NETWORK_CONNECTIONS = NO;
				ENABLE_OUTGOING_NETWORK_CONNECTIONS = NO;
				ENABLE_RESOURCE_ACCESS_AUDIO_INPUT = NO;
				ENABLE_RESOURCE_ACCESS_BLUETOOTH = YES;
				ENABLE_RESOURCE_ACCESS_CALENDARS = NO;
				ENABLE_RESOURCE_ACCESS_CAMERA = NO;
				ENABLE_RESOURCE_ACCESS_CONTACTS = NO;
				ENABLE_RESOURCE_ACCESS_LOCATION = NO;
				ENABLE_RESOURCE_ACCESS_PRINTING = NO;
				ENABLE_RESOURCE_ACCESS_USB = NO;
				ENABLE_USER_SELECTED_FILES = readonly;
				GENERATE_INFOPLIST_FILE = YES;
				INFOPLIST_FILE = SoundFontsPlusAU/Info.plist;
				INFOPLIST_KEY_CFBundleDisplayName = SoundFontsPlusAU;
				INFOPLIST_KEY_NSHumanReadableCopyright = "";
				LD_RUNPATH_SEARCH_PATHS = (
					"$(inherited)",
					"@executable_path/Frameworks",
					"@executable_path/../../Frameworks",
				);
				"LD_RUNPATH_SEARCH_PATHS[sdk=macosx*]" = (
					"$(inherited)",
					"@executable_path/../Frameworks",
					"@executable_path/../../../../Frameworks",
				);
				MARKETING_VERSION = 1.0.5;
				PRODUCT_BUNDLE_IDENTIFIER = com.braysoftware.SoundFontsPlus.SoundFontsPlusAU;
				PRODUCT_NAME = "$(TARGET_NAME)";
				SDKROOT = auto;
				SKIP_INSTALL = YES;
				STRING_CATALOG_GENERATE_SYMBOLS = YES;
				SUPPORTED_PLATFORMS = "iOS iphoneos iphonesimulator macosx";
				SUPPORTS_MACCATALYST = NO;
				SWIFT_EMIT_LOC_STRINGS = YES;
				TARGETED_DEVICE_FAMILY = "1,2";
			};
			name = Release;
		};
/* End XCBuildConfiguration section */

/* Begin XCConfigurationList section */
		BD1D277A2B6F13DD005C3ED0 /* Build configuration list for PBXProject "SoundFontsPlus" */ = {
			isa = XCConfigurationList;
			buildConfigurations = (
				BD1D27A52B6F13DE005C3ED0 /* Debug */,
				BD1D27A62B6F13DE005C3ED0 /* Release */,
			);
			defaultConfigurationIsVisible = 0;
			defaultConfigurationName = Release;
		};
		BD1D27A72B6F13DE005C3ED0 /* Build configuration list for PBXNativeTarget "SoundFontsPlus" */ = {
			isa = XCConfigurationList;
			buildConfigurations = (
				BD1D27A82B6F13DE005C3ED0 /* Debug */,
				BD1D27A92B6F13DE005C3ED0 /* Release */,
			);
			defaultConfigurationIsVisible = 0;
			defaultConfigurationName = Release;
		};
		BD5AE3B12ED0C2910073F3F2 /* Build configuration list for PBXNativeTarget "SoundFontsPlusAU" */ = {
			isa = XCConfigurationList;
			buildConfigurations = (
				BD5AE3AE2ED0C2910073F3F2 /* Debug */,
				BD5AE3AF2ED0C2910073F3F2 /* Release */,
			);
			defaultConfigurationIsVisible = 0;
			defaultConfigurationName = Release;
		};
/* End XCConfigurationList section */

/* Begin XCSwiftPackageProductDependency section */
		BD22B1C72ED5D73900E72F0E /* AppRoot */ = {
			isa = XCSwiftPackageProductDependency;
			productName = AppRoot;
		};
		BD275B252E93EF2A004F0C7A /* Tuning */ = {
			isa = XCSwiftPackageProductDependency;
			productName = Tuning;
		};
		BD275B272E93F1CE004F0C7A /* FileImporter */ = {
			isa = XCSwiftPackageProductDependency;
			productName = FileImporter;
		};
		BD4C249C2E77618800F8B3A9 /* Engine */ = {
			isa = XCSwiftPackageProductDependency;
			productName = Engine;
		};
		BD4C249E2E77618800F8B3A9 /* SF2File */ = {
			isa = XCSwiftPackageProductDependency;
			productName = SF2File;
		};
		BD4C24A02E77618800F8B3A9 /* SF2Lib */ = {
			isa = XCSwiftPackageProductDependency;
			productName = SF2Lib;
		};
		BD5AE3FC2ED0C9070073F3F2 /* Synth */ = {
			isa = XCSwiftPackageProductDependency;
			productName = Synth;
		};
		BD7217232E93BE270017DB8C /* AppReview */ = {
			isa = XCSwiftPackageProductDependency;
			productName = AppReview;
		};
		BD7217252E93BE270017DB8C /* BaseSupport */ = {
			isa = XCSwiftPackageProductDependency;
			productName = BaseSupport;
		};
		BD7217292E93BE270017DB8C /* DelayEffect */ = {
			isa = XCSwiftPackageProductDependency;
			productName = DelayEffect;
		};
		BD72172B2E93BE270017DB8C /* FeatureSupport */ = {
			isa = XCSwiftPackageProductDependency;
			productName = FeatureSupport;
		};
		BD72172D2E93BE270017DB8C /* Keyboard */ = {
			isa = XCSwiftPackageProductDependency;
			productName = Keyboard;
		};
		BD72172F2E93BE270017DB8C /* Models */ = {
			isa = XCSwiftPackageProductDependency;
			productName = Models;
		};
		BD7217312E93BE270017DB8C /* ReverbEffect */ = {
			isa = XCSwiftPackageProductDependency;
			productName = ReverbEffect;
		};
		BD7217332E93BE270017DB8C /* SF2Resources */ = {
			isa = XCSwiftPackageProductDependency;
			productName = SF2Resources;
		};
		BD7217352E93BE270017DB8C /* VolumeMonitor */ = {
			isa = XCSwiftPackageProductDependency;
			productName = VolumeMonitor;
		};
		BD7217372E93C08E0017DB8C /* Tutorial */ = {
			isa = XCSwiftPackageProductDependency;
			productName = Tutorial;
		};
		BDAF5BB92DE259DF00B8FB13 /* Engine */ = {
			isa = XCSwiftPackageProductDependency;
			productName = Engine;
		};
		BDAF5BBB2DE259DF00B8FB13 /* SF2Lib */ = {
			isa = XCSwiftPackageProductDependency;
			productName = SF2Lib;
		};
		BDB8CC182E9508580035EBEA /* Changes */ = {
			isa = XCSwiftPackageProductDependency;
			productName = Changes;
		};
		BDB8CC1A2E9508580035EBEA /* MIDIAssignments */ = {
			isa = XCSwiftPackageProductDependency;
			productName = MIDIAssignments;
		};
		BDB8CC1C2E9508580035EBEA /* MIDIConnections */ = {
			isa = XCSwiftPackageProductDependency;
			productName = MIDIConnections;
		};
		BDB8CC1E2E9508580035EBEA /* MIDIControllers */ = {
			isa = XCSwiftPackageProductDependency;
			productName = MIDIControllers;
		};
		BDB8CC202E9508580035EBEA /* MIDITrafficIndicator */ = {
			isa = XCSwiftPackageProductDependency;
			productName = MIDITrafficIndicator;
		};
		BDB8CC222E9508580035EBEA /* Presets */ = {
			isa = XCSwiftPackageProductDependency;
			productName = Presets;
		};
		BDB8CC262E9508580035EBEA /* Settings */ = {
			isa = XCSwiftPackageProductDependency;
			productName = Settings;
		};
		BDB8CC282E9508580035EBEA /* SoundFonts */ = {
			isa = XCSwiftPackageProductDependency;
			productName = SoundFonts;
		};
		BDB8CC2A2E9508580035EBEA /* Synth */ = {
			isa = XCSwiftPackageProductDependency;
			productName = Synth;
		};
		BDB8CC2C2E9508580035EBEA /* Tags */ = {
			isa = XCSwiftPackageProductDependency;
			productName = Tags;
		};
		BDB8CC2E2E9508580035EBEA /* ToolBar */ = {
			isa = XCSwiftPackageProductDependency;
			productName = ToolBar;
		};
/* End XCSwiftPackageProductDependency section */
	};
	rootObject = BD1D27772B6F13DD005C3ED0 /* Project object */;
}
